
Microsoft Visual Studio Solution File, Format Version 12.00
# Visual Studio 2012
Project("{FAE04EC0-301F-11D3-BF4B-00C04F79EFBC}") = "RabbitMQ.Program", "RabbitMQ.Program\RabbitMQ.Program.csproj", "{B1FFB895-9F25-4FD2-B831-D75ABEBB733D}"
EndProject
Project("{FAE04EC0-301F-11D3-BF4B-00C04F79EFBC}") = "RabbitMQ.Standard.Client", "RabbitMQ.Standard.Client\RabbitMQ.Standard.Client.csproj", "{FDEC6E5E-27D2-4CC2-BCBB-8001807708A2}"
EndProject
Global
	GlobalSection(SolutionConfigurationPlatforms) = preSolution
		Debug|Any CPU = Debug|Any CPU
		Release|Any CPU = Release|Any CPU
	EndGlobalSection
	GlobalSection(ProjectConfigurationPlatforms) = postSolution
		{B1FFB895-9F25-4FD2-B831-D75ABEBB733D}.Debug|Any CPU.ActiveCfg = Debug|Any CPU
		{B1FFB895-9F25-4FD2-B831-D75ABEBB733D}.Debug|Any CPU.Build.0 = Debug|Any CPU
		{B1FFB895-9F25-4FD2-B831-D75ABEBB733D}.Release|Any CPU.ActiveCfg = Release|Any CPU
		{B1FFB895-9F25-4FD2-B831-D75ABEBB733D}.Release|Any CPU.Build.0 = Release|Any CPU
		{FDEC6E5E-27D2-4CC2-BCBB-8001807708A2}.Debug|Any CPU.ActiveCfg = Debug|Any CPU
		{FDEC6E5E-27D2-4CC2-BCBB-8001807708A2}.Debug|Any CPU.Build.0 = Debug|Any CPU
		{FDEC6E5E-27D2-4CC2-BCBB-8001807708A2}.Release|Any CPU.ActiveCfg = Release|Any CPU
		{FDEC6E5E-27D2-4CC2-BCBB-8001807708A2}.Release|Any CPU.Build.0 = Release|Any CPU
	EndGlobalSection
EndGlobal
